
Microsoft Visual Studio Solution File, Format Version 12.00
# Visual Studio Version 16
VisualStudioVersion = 16.0.30517.126
MinimumVisualStudioVersion = 10.0.40219.1
Project("{2150E333-8FDC-42A3-9474-1A3956D46DE8}") = "Core", "Core", "{0CD9A3C3-6D04-4C81-88E1-6D4C5F88CDCF}"
EndProject
Project("{2150E333-8FDC-42A3-9474-1A3956D46DE8}") = "Infrastructure", "Infrastructure", "{FC010368-BAF0-44A2-AC07-8A46CEE5532B}"
EndProject
Project("{2150E333-8FDC-42A3-9474-1A3956D46DE8}") = "Presentation", "Presentation", "{690B27BF-1026-4446-BE8F-9B16819B3283}"
EndProject
Project("{FAE04EC0-301F-11D3-BF4B-00C04F79EFBC}") = "Application", "Application\Application.csproj", "{B7C58DF0-367A-46B7-BBD0-F7EE4249219E}"
EndProject
Project("{FAE04EC0-301F-11D3-BF4B-00C04F79EFBC}") = "Domain", "Domain\Domain.csproj", "{45D38004-B8A8-46F0-A55C-8089FCA84895}"
EndProject
Project("{FAE04EC0-301F-11D3-BF4B-00C04F79EFBC}") = "Persistence", "Persistence\Persistence.csproj", "{54E49E66-8963-4C56-A365-22E26E962C95}"
EndProject
Project("{FAE04EC0-301F-11D3-BF4B-00C04F79EFBC}") = "WebAPI", "WebAPI\WebAPI.csproj", "{6BC3DA29-8BB4-4ADF-BA43-4DEDE41BF1C9}"
EndProject
Global
	GlobalSection(SolutionConfigurationPlatforms) = preSolution
		Debug|Any CPU = Debug|Any CPU
		Release|Any CPU = Release|Any CPU
	EndGlobalSection
	GlobalSection(ProjectConfigurationPlatforms) = postSolution
		{B7C58DF0-367A-46B7-BBD0-F7EE4249219E}.Debug|Any CPU.ActiveCfg = Debug|Any CPU
		{B7C58DF0-367A-46B7-BBD0-F7EE4249219E}.Debug|Any CPU.Build.0 = Debug|Any CPU
		{B7C58DF0-367A-46B7-BBD0-F7EE4249219E}.Release|Any CPU.ActiveCfg = Release|Any CPU
		{B7C58DF0-367A-46B7-BBD0-F7EE4249219E}.Release|Any CPU.Build.0 = Release|Any CPU
		{45D38004-B8A8-46F0-A55C-8089FCA84895}.Debug|Any CPU.ActiveCfg = Debug|Any CPU
		{45D38004-B8A8-46F0-A55C-8089FCA84895}.Debug|Any CPU.Build.0 = Debug|Any CPU
		{45D38004-B8A8-46F0-A55C-8089FCA84895}.Release|Any CPU.ActiveCfg = Release|Any CPU
		{45D38004-B8A8-46F0-A55C-8089FCA84895}.Release|Any CPU.Build.0 = Release|Any CPU
		{54E49E66-8963-4C56-A365-22E26E962C95}.Debug|Any CPU.ActiveCfg = Debug|Any CPU
		{54E49E66-8963-4C56-A365-22E26E962C95}.Debug|Any CPU.Build.0 = Debug|Any CPU
		{54E49E66-8963-4C56-A365-22E26E962C95}.Release|Any CPU.ActiveCfg = Release|Any CPU
		{54E49E66-8963-4C56-A365-22E26E962C95}.Release|Any CPU.Build.0 = Release|Any CPU
		{6BC3DA29-8BB4-4ADF-BA43-4DEDE41BF1C9}.Debug|Any CPU.ActiveCfg = Debug|Any CPU
		{6BC3DA29-8BB4-4ADF-BA43-4DEDE41BF1C9}.Debug|Any CPU.Build.0 = Debug|Any CPU
		{6BC3DA29-8BB4-4ADF-BA43-4DEDE41BF1C9}.Release|Any CPU.ActiveCfg = Release|Any CPU
		{6BC3DA29-8BB4-4ADF-BA43-4DEDE41BF1C9}.Release|Any CPU.Build.0 = Release|Any CPU
	EndGlobalSection
	GlobalSection(SolutionProperties) = preSolution
		HideSolutionNode = FALSE
	EndGlobalSection
	GlobalSection(NestedProjects) = preSolution
		{B7C58DF0-367A-46B7-BBD0-F7EE4249219E} = {0CD9A3C3-6D04-4C81-88E1-6D4C5F88CDCF}
		{45D38004-B8A8-46F0-A55C-8089FCA84895} = {0CD9A3C3-6D04-4C81-88E1-6D4C5F88CDCF}
		{54E49E66-8963-4C56-A365-22E26E962C95} = {FC010368-BAF0-44A2-AC07-8A46CEE5532B}
		{6BC3DA29-8BB4-4ADF-BA43-4DEDE41BF1C9} = {690B27BF-1026-4446-BE8F-9B16819B3283}
	EndGlobalSection
	GlobalSection(ExtensibilityGlobals) = postSolution
		SolutionGuid = {18E30A49-7141-43FB-AB97-08191D3EB248}
	EndGlobalSection
EndGlobal
